{
  "version": 4,
  "terraform_version": "1.4.0",
  "serial": 5,
  "lineage": "40a2c61c-f68f-a8b5-04ae-4c3b1469b1cf",
  "outputs": {},
  "resources": [
    {
      "mode": "managed",
      "type": "github_repository",
      "name": "example",
      "provider": "provider[\"registry.terraform.io/integrations/github\"]",
      "instances": [
        {
          "schema_version": 1,
          "attributes": {
            "allow_auto_merge": false,
            "allow_merge_commit": true,
            "allow_rebase_merge": true,
            "allow_squash_merge": true,
            "allow_update_branch": false,
            "archive_on_destroy": null,
            "archived": false,
            "auto_init": true,
            "default_branch": "main",
            "delete_branch_on_merge": false,
            "description": "My awesome codebase",
            "etag": "W/\"99d91cfc5b5733886338be0bd9efcb2406bde106a4f99080690cdabf32bf0bd9\"",
            "full_name": "KrishSwami/Terraform_Codebase",
            "git_clone_url": "git://github.com/KrishSwami/Terraform_Codebase.git",
            "gitignore_template": null,
            "has_discussions": false,
            "has_downloads": false,
            "has_issues": false,
            "has_projects": false,
            "has_wiki": false,
            "homepage_url": "",
            "html_url": "https://github.com/KrishSwami/Terraform_Codebase",
            "http_clone_url": "https://github.com/KrishSwami/Terraform_Codebase.git",
            "id": "Terraform_Codebase",
            "ignore_vulnerability_alerts_during_read": null,
            "is_template": false,
            "license_template": null,
            "merge_commit_message": "PR_TITLE",
            "merge_commit_title": "MERGE_MESSAGE",
            "name": "Terraform_Codebase",
            "node_id": "R_kgDOJPpVdA",
            "pages": [],
            "private": false,
            "repo_id": 620385652,
            "security_and_analysis": [
              {
                "advanced_security": [],
                "secret_scanning": [
                  {
                    "status": "disabled"
                  }
                ],
                "secret_scanning_push_protection": [
                  {
                    "status": "disabled"
                  }
                ]
              }
            ],
            "squash_merge_commit_message": "COMMIT_MESSAGES",
            "squash_merge_commit_title": "COMMIT_OR_PR_TITLE",
            "ssh_clone_url": "git@github.com:KrishSwami/Terraform_Codebase.git",
            "svn_url": "https://github.com/KrishSwami/Terraform_Codebase",
            "template": [],
            "topics": null,
            "visibility": "public",
            "vulnerability_alerts": false
          },
          "sensitive_attributes": [],
          "private": "eyJzY2hlbWFfdmVyc2lvbiI6IjEifQ=="
        }
      ]
    },
    {
      "mode": "managed",
      "type": "github_repository",
      "name": "hello",
      "provider": "provider[\"registry.terraform.io/integrations/github\"]",
      "instances": [
        {
          "schema_version": 1,
          "attributes": {
            "allow_auto_merge": false,
            "allow_merge_commit": true,
            "allow_rebase_merge": true,
            "allow_squash_merge": true,
            "allow_update_branch": false,
            "archive_on_destroy": null,
            "archived": false,
            "auto_init": true,
            "default_branch": "main",
            "delete_branch_on_merge": false,
            "description": "My awesome JAVA codebase",
            "etag": "W/\"047e0a0140fc37f5a5b3852ea5a6d471651a9ecf617d442cdf4550f4dcf01cc1\"",
            "full_name": "KrishSwami/Java_Codebase",
            "git_clone_url": "git://github.com/KrishSwami/Java_Codebase.git",
            "gitignore_template": null,
            "has_discussions": false,
            "has_downloads": false,
            "has_issues": false,
            "has_projects": false,
            "has_wiki": false,
            "homepage_url": "",
            "html_url": "https://github.com/KrishSwami/Java_Codebase",
            "http_clone_url": "https://github.com/KrishSwami/Java_Codebase.git",
            "id": "Java_Codebase",
            "ignore_vulnerability_alerts_during_read": null,
            "is_template": false,
            "license_template": null,
            "merge_commit_message": "PR_TITLE",
            "merge_commit_title": "MERGE_MESSAGE",
            "name": "Java_Codebase",
            "node_id": "R_kgDOJPq2ZA",
            "pages": [],
            "private": false,
            "repo_id": 620410468,
            "security_and_analysis": [
              {
                "advanced_security": [],
                "secret_scanning": [
                  {
                    "status": "disabled"
                  }
                ],
                "secret_scanning_push_protection": [
                  {
                    "status": "disabled"
                  }
                ]
              }
            ],
            "squash_merge_commit_message": "COMMIT_MESSAGES",
            "squash_merge_commit_title": "COMMIT_OR_PR_TITLE",
            "ssh_clone_url": "git@github.com:KrishSwami/Java_Codebase.git",
            "svn_url": "https://github.com/KrishSwami/Java_Codebase",
            "template": [],
            "topics": null,
            "visibility": "public",
            "vulnerability_alerts": false
          },
          "sensitive_attributes": [],
          "private": "eyJzY2hlbWFfdmVyc2lvbiI6IjEifQ=="
        }
      ]
    }
  ],
  "check_results": null
}
